
Microsoft Visual Studio Solution File, Format Version 12.00
# Visual Studio 15
VisualStudioVersion = 15.0.28307.1340
MinimumVisualStudioVersion = 10.0.40219.1
Project("{159641D6-6404-4A2A-AE62-294DE0FE8301}") = "SSIS_POC1", "SSIS_POC1\SSIS_POC1.dtproj", "{8000463E-D9C2-451E-9819-2A1FA90E5749}"
EndProject
Global
	GlobalSection(SolutionConfigurationPlatforms) = preSolution
		Azure|Default = Azure|Default
		Development|Default = Development|Default
	EndGlobalSection
	GlobalSection(ProjectConfigurationPlatforms) = postSolution
		{8000463E-D9C2-451E-9819-2A1FA90E5749}.Azure|Default.ActiveCfg = Azure
		{8000463E-D9C2-451E-9819-2A1FA90E5749}.Azure|Default.Build.0 = Azure
		{8000463E-D9C2-451E-9819-2A1FA90E5749}.Development|Default.ActiveCfg = Development
		{8000463E-D9C2-451E-9819-2A1FA90E5749}.Development|Default.Build.0 = Development
	EndGlobalSection
	GlobalSection(SolutionProperties) = preSolution
		HideSolutionNode = FALSE
	EndGlobalSection
	GlobalSection(ExtensibilityGlobals) = postSolution
		SolutionGuid = {EF9B274B-5E45-49B3-95E3-106A1EDFDB24}
	EndGlobalSection
EndGlobal
